{
    "_meta": {
        "hash": {
            "sha256": "c438e007e4812405c7a8bbdc189d9327b1b2130067fc39f3aa998770fb4d76e8"
        },
        "pipfile-spec": 6,
        "requires": {
            "python_version": "3.11"
        },
        "sources": [
            {
                "name": "pypi",
                "url": "https://pypi.org/simple",
                "verify_ssl": true
            }
        ]
    },
    "default": {
        "anyio": {
            "hashes": [
                "sha256:cfdb2b588b9fc25ede96d8db56ed50848b0b649dca3dd1df0b11f683bb9e0b5f",
                "sha256:f7ed51751b2c2add651e5747c891b47e26d2a21be5d32d9311dfe9692f3e5d7a"
            ],
            "markers": "python_version >= '3.8'",
            "version": "==4.0.0"
        },
        "blake2signer": {
            "hashes": [
                "sha256:b4fcd84324e2eab056cc5101899a56e17799745cf8dd80ef2d0abb2d910f73cc",
                "sha256:dac27f4ae5c1ecafe5b82cd5711ced00d1a62daee7b5ffa97b8607a0c1b62601"
            ],
            "index": "pypi",
            "markers": "python_version >= '3.7' and python_version < '4.0'",
            "version": "==2.5.2"
        },
        "idna": {
            "hashes": [
                "sha256:814f528e8dead7d329833b91c5faa87d60bf71824cd12a7530b5526063d02cb4",
                "sha256:90b77e79eaa3eba6de819a0c442c0b4ceefc341a7a2ab77d7562bf49f425c5c2"
            ],
            "markers": "python_version >= '3.5'",
            "version": "==3.4"
        },
        "sniffio": {
            "hashes": [
                "sha256:e60305c5e5d314f5389259b7f22aaa33d8f7dee49763119234af3755c55b9101",
                "sha256:eecefdce1e5bbfb7ad2eeaabf7c1eeb404d7757c379bd1f7e5cce9d8bf425384"
            ],
            "markers": "python_version >= '3.7'",
            "version": "==1.3.0"
        },
        "starlette": {
            "hashes": [
                "sha256:009fb98ecd551a55017d204f033c58b13abcd4719cb5c41503abbf6d260fde11",
                "sha256:a4dc2a3448fb059000868d7eb774dd71229261b6d49b6851e7849bec69c0a011"
            ],
            "index": "pypi",
            "markers": "python_version >= '3.8'",
            "version": "==0.31.1"
        }
    },
    "develop": {}
}
